
Microsoft Visual Studio Solution File, Format Version 12.00
# Visual Studio Version 17
VisualStudioVersion = 17.8.34511.84
MinimumVisualStudioVersion = 10.0.40219.1
Project("{FAE04EC0-301F-11D3-BF4B-00C04F79EFBC}") = "Calculator", "Calculator\Calculator.csproj", "{8279127D-9A06-4C56-A0D8-AB9548058FF4}"
EndProject
Global
	GlobalSection(SolutionConfigurationPlatforms) = preSolution
		Debug|Any CPU = Debug|Any CPU
		Release|Any CPU = Release|Any CPU
	EndGlobalSection
	GlobalSection(ProjectConfigurationPlatforms) = postSolution
		{8279127D-9A06-4C56-A0D8-AB9548058FF4}.Debug|Any CPU.ActiveCfg = Debug|Any CPU
		{8279127D-9A06-4C56-A0D8-AB9548058FF4}.Debug|Any CPU.Build.0 = Debug|Any CPU
		{8279127D-9A06-4C56-A0D8-AB9548058FF4}.Release|Any CPU.ActiveCfg = Release|Any CPU
		{8279127D-9A06-4C56-A0D8-AB9548058FF4}.Release|Any CPU.Build.0 = Release|Any CPU
	EndGlobalSection
	GlobalSection(SolutionProperties) = preSolution
		HideSolutionNode = FALSE
	EndGlobalSection
	GlobalSection(ExtensibilityGlobals) = postSolution
		SolutionGuid = {F395F241-3706-4E92-B243-E5C9789A6233}
	EndGlobalSection
EndGlobal
